{
  "name": "test-tests",
  "version": "1.0.0",
  "lockfileVersion": 2,
  "requires": true,
  "packages": {
    "": {
      "name": "test-tests",
      "version": "1.0.0",
      "license": "ISC",
      "dependencies": {
        "dom-parser": "^0.1.6",
        "mkdirp": "^2.1.3",
        "node-web-audio-api": "^0.6.0",
        "readdirp": "^3.6.0"
      }
    },
    "node_modules/@napi-rs/cli": {
      "version": "2.14.5",
      "resolved": "https://registry.npmjs.org/@napi-rs/cli/-/cli-2.14.5.tgz",
      "integrity": "sha512-E7WYAS1y1sTkLbZsOtf9Xs6fx/aOJ05UIm6cs7q1vHxpycYJRGtvEU8ilFTw6TPke68Hq1c+6Yd7Lklr4sj9EQ==",
      "bin": {
        "napi": "scripts/index.js"
      },
      "engines": {
        "node": ">= 10"
      },
      "funding": {
        "type": "github",
        "url": "https://github.com/sponsors/Brooooooklyn"
      }
    },
    "node_modules/@napi-rs/triples": {
      "version": "1.1.0",
      "resolved": "https://registry.npmjs.org/@napi-rs/triples/-/triples-1.1.0.tgz",
      "integrity": "sha512-XQr74QaLeMiqhStEhLn1im9EOMnkypp7MZOwQhGzqp2Weu5eQJbpPxWxixxlYRKWPOmJjsk6qYfYH9kq43yc2w=="
    },
    "node_modules/@node-rs/helper": {
      "version": "1.3.3",
      "resolved": "https://registry.npmjs.org/@node-rs/helper/-/helper-1.3.3.tgz",
      "integrity": "sha512-p4OdfQObGN9YFy5WZaGwlPYICQSe7xZYyXB0sxREmvj1HzGKp5bPg2PlfgfMZEfnjIA882B9ZrnagYzZihIwjA==",
      "dependencies": {
        "@napi-rs/triples": "^1.1.0"
      }
    },
    "node_modules/dom-parser": {
      "version": "0.1.6",
      "resolved": "https://registry.npmjs.org/dom-parser/-/dom-parser-0.1.6.tgz",
      "integrity": "sha512-3nVRKbLEwmGfghLoeT1dxlK/0votalnOfasP+8VCHYDfDuCETY4LeMblfOeqww6XZk2ymZ1Uewy/hVad6Dy3yw=="
    },
    "node_modules/mkdirp": {
      "version": "2.1.3",
      "resolved": "https://registry.npmjs.org/mkdirp/-/mkdirp-2.1.3.tgz",
      "integrity": "sha512-sjAkg21peAG9HS+Dkx7hlG9Ztx7HLeKnvB3NQRcu/mltCVmvkF0pisbiTSfDVYTT86XEfZrTUosLdZLStquZUw==",
      "bin": {
        "mkdirp": "dist/cjs/src/bin.js"
      },
      "engines": {
        "node": ">=10"
      },
      "funding": {
        "url": "https://github.com/sponsors/isaacs"
      }
    },
    "node_modules/node-web-audio-api": {
      "version": "0.6.0",
      "resolved": "https://registry.npmjs.org/node-web-audio-api/-/node-web-audio-api-0.6.0.tgz",
      "integrity": "sha512-H56gely32HJUqypOzekoxD58zwgUqb1CmpeYLCoCpI8b1P0Hba6s7kogOV6oJztbKvu6wUCQ9REogcT0QqBR3A==",
      "dependencies": {
        "@napi-rs/cli": "^2.14.3",
        "@node-rs/helper": "^1.3.3"
      },
      "engines": {
        "node": ">= 14"
      }
    },
    "node_modules/picomatch": {
      "version": "2.3.1",
      "resolved": "https://registry.npmjs.org/picomatch/-/picomatch-2.3.1.tgz",
      "integrity": "sha512-JU3teHTNjmE2VCGFzuY8EXzCDVwEqB2a8fsIvwaStHhAWJEeVd1o1QD80CU6+ZdEXXSLbSsuLwJjkCBWqRQUVA==",
      "engines": {
        "node": ">=8.6"
      },
      "funding": {
        "url": "https://github.com/sponsors/jonschlinkert"
      }
    },
    "node_modules/readdirp": {
      "version": "3.6.0",
      "resolved": "https://registry.npmjs.org/readdirp/-/readdirp-3.6.0.tgz",
      "integrity": "sha512-hOS089on8RduqdbhvQ5Z37A0ESjsqz6qnRcffsMU3495FuTdqSm+7bhJ29JvIOsBDEEnan5DPu9t3To9VRlMzA==",
      "dependencies": {
        "picomatch": "^2.2.1"
      },
      "engines": {
        "node": ">=8.10.0"
      }
    }
  },
  "dependencies": {
    "@napi-rs/cli": {
      "version": "2.14.5",
      "resolved": "https://registry.npmjs.org/@napi-rs/cli/-/cli-2.14.5.tgz",
      "integrity": "sha512-E7WYAS1y1sTkLbZsOtf9Xs6fx/aOJ05UIm6cs7q1vHxpycYJRGtvEU8ilFTw6TPke68Hq1c+6Yd7Lklr4sj9EQ=="
    },
    "@napi-rs/triples": {
      "version": "1.1.0",
      "resolved": "https://registry.npmjs.org/@napi-rs/triples/-/triples-1.1.0.tgz",
      "integrity": "sha512-XQr74QaLeMiqhStEhLn1im9EOMnkypp7MZOwQhGzqp2Weu5eQJbpPxWxixxlYRKWPOmJjsk6qYfYH9kq43yc2w=="
    },
    "@node-rs/helper": {
      "version": "1.3.3",
      "resolved": "https://registry.npmjs.org/@node-rs/helper/-/helper-1.3.3.tgz",
      "integrity": "sha512-p4OdfQObGN9YFy5WZaGwlPYICQSe7xZYyXB0sxREmvj1HzGKp5bPg2PlfgfMZEfnjIA882B9ZrnagYzZihIwjA==",
      "requires": {
        "@napi-rs/triples": "^1.1.0"
      }
    },
    "dom-parser": {
      "version": "0.1.6",
      "resolved": "https://registry.npmjs.org/dom-parser/-/dom-parser-0.1.6.tgz",
      "integrity": "sha512-3nVRKbLEwmGfghLoeT1dxlK/0votalnOfasP+8VCHYDfDuCETY4LeMblfOeqww6XZk2ymZ1Uewy/hVad6Dy3yw=="
    },
    "mkdirp": {
      "version": "2.1.3",
      "resolved": "https://registry.npmjs.org/mkdirp/-/mkdirp-2.1.3.tgz",
      "integrity": "sha512-sjAkg21peAG9HS+Dkx7hlG9Ztx7HLeKnvB3NQRcu/mltCVmvkF0pisbiTSfDVYTT86XEfZrTUosLdZLStquZUw=="
    },
    "node-web-audio-api": {
      "version": "0.6.0",
      "resolved": "https://registry.npmjs.org/node-web-audio-api/-/node-web-audio-api-0.6.0.tgz",
      "integrity": "sha512-H56gely32HJUqypOzekoxD58zwgUqb1CmpeYLCoCpI8b1P0Hba6s7kogOV6oJztbKvu6wUCQ9REogcT0QqBR3A==",
      "requires": {
        "@napi-rs/cli": "^2.14.3",
        "@node-rs/helper": "^1.3.3"
      }
    },
    "picomatch": {
      "version": "2.3.1",
      "resolved": "https://registry.npmjs.org/picomatch/-/picomatch-2.3.1.tgz",
      "integrity": "sha512-JU3teHTNjmE2VCGFzuY8EXzCDVwEqB2a8fsIvwaStHhAWJEeVd1o1QD80CU6+ZdEXXSLbSsuLwJjkCBWqRQUVA=="
    },
    "readdirp": {
      "version": "3.6.0",
      "resolved": "https://registry.npmjs.org/readdirp/-/readdirp-3.6.0.tgz",
      "integrity": "sha512-hOS089on8RduqdbhvQ5Z37A0ESjsqz6qnRcffsMU3495FuTdqSm+7bhJ29JvIOsBDEEnan5DPu9t3To9VRlMzA==",
      "requires": {
        "picomatch": "^2.2.1"
      }
    }
  }
}
